// !$*UTF8*$!
{
	archiveVersion = 1;
	classes = {
	};
	objectVersion = 77;
	objects = {

/* Begin PBXContainerItemProxy section */
		B76B3A7A2F5EDD6F0004DCD3 /* PBXContainerItemProxy */ = {
			isa = PBXContainerItemProxy;
			containerPortal = B76B3A642F5EDD6C0004DCD3 /* Project object */;
			proxyType = 1;
			remoteGlobalIDString = B76B3A6B2F5EDD6C0004DCD3;
			remoteInfo = ThmanyahTestApp;
		};
		B76B3A842F5EDD6F0004DCD3 /* PBXContainerItemProxy */ = {
			isa = PBXContainerItemProxy;
			containerPortal = B76B3A642F5EDD6C0004DCD3 /* Project object */;
			proxyType = 1;
			remoteGlobalIDString = B76B3A6B2F5EDD6C0004DCD3;
			remoteInfo = ThmanyahTestApp;
		};
/* End PBXContainerItemProxy section */

/* Begin PBXFileReference section */
		B76B3A6C2F5EDD6C0004DCD3 /* ThmanyahTestApp.app */ = {isa = PBXFileReference; explicitFileType = wrapper.application; includeInIndex = 0; path = ThmanyahTestApp.app; sourceTree = BUILT_PRODUCTS_DIR; };
		B76B3A792F5EDD6F0004DCD3 /* ThmanyahTestAppTests.xctest */ = {isa = PBXFileReference; explicitFileType = wrapper.cfbundle; includeInIndex = 0; path = ThmanyahTestAppTests.xctest; sourceTree = BUILT_PRODUCTS_DIR; };
		B76B3A832F5EDD6F0004DCD3 /* ThmanyahTestAppUITests.xctest */ = {isa = PBXFileReference; explicitFileType = wrapper.cfbundle; includeInIndex = 0; path = ThmanyahTestAppUITests.xctest; sourceTree = BUILT_PRODUCTS_DIR; };
/* End PBXFileReference section */

/* Begin PBXFileSystemSynchronizedBuildFileExceptionSet section */
		B76B3AAC2F5EE2220004DCD3 /* Exceptions for "ThmanyahTestApp" folder in "ThmanyahTestApp" target */ = {
			isa = PBXFileSystemSynchronizedBuildFileExceptionSet;
			membershipExceptions = (
				Resources/Info.plist,
			);
			target = B76B3A6B2F5EDD6C0004DCD3 /* ThmanyahTestApp */;
		};
/* End PBXFileSystemSynchronizedBuildFileExceptionSet section */

/* Begin PBXFileSystemSynchronizedRootGroup section */
		B76B3A6E2F5EDD6C0004DCD3 /* ThmanyahTestApp */ = {
			isa = PBXFileSystemSynchronizedRootGroup;
			exceptions = (
				B76B3AAC2F5EE2220004DCD3 /* Exceptions for "ThmanyahTestApp" folder in "ThmanyahTestApp" target */,
			);
			path = ThmanyahTestApp;
			sourceTree = "<group>";
		};
		B76B3A7C2F5EDD6F0004DCD3 /* ThmanyahTestAppTests */ = {
			isa = PBXFileSystemSynchronizedRootGroup;
			path = ThmanyahTestAppTests;
			sourceTree = "<group>";
		};
		B76B3A862F5EDD6F0004DCD3 /* ThmanyahTestAppUITests */ = {
			isa = PBXFileSystemSynchronizedRootGroup;
			path = ThmanyahTestAppUITests;
			sourceTree = "<group>";
		};
/* End PBXFileSystemSynchronizedRootGroup section */

/* Begin PBXFrameworksBuildPhase section */
		B76B3A692F5EDD6C0004DCD3 /* Frameworks */ = {
			isa = PBXFrameworksBuildPhase;
			buildActionMask = 2147483647;
			files = (
			);
			runOnlyForDeploymentPostprocessing = 0;
		};
		B76B3A762F5EDD6F0004DCD3 /* Frameworks */ = {
			isa = PBXFrameworksBuildPhase;
			buildActionMask = 2147483647;
			files = (
			);
			runOnlyForDeploymentPostprocessing = 0;
		};
		B76B3A802F5EDD6F0004DCD3 /* Frameworks */ = {
			isa = PBXFrameworksBuildPhase;
			buildActionMask = 2147483647;
			files = (
			);
			runOnlyForDeploymentPostprocessing = 0;
		};
/* End PBXFrameworksBuildPhase section */

/* Begin PBXGroup section */
		B76B3A632F5EDD6C0004DCD3 = {
			isa = PBXGroup;
			children = (
				B76B3A6E2F5EDD6C0004DCD3 /* ThmanyahTestApp */,
				B76B3A7C2F5EDD6F0004DCD3 /* ThmanyahTestAppTests */,
				B76B3A862F5EDD6F0004DCD3 /* ThmanyahTestAppUITests */,
				B76B3A6D2F5EDD6C0004DCD3 /* Products */,
			);
			sourceTree = "<group>";
		};
		B76B3A6D2F5EDD6C0004DCD3 /* Products */ = {
			isa = PBXGroup;
			children = (
				B76B3A6C2F5EDD6C0004DCD3 /* ThmanyahTestApp.app */,
				B76B3A792F5EDD6F0004DCD3 /* ThmanyahTestAppTests.xctest */,
				B76B3A832F5EDD6F0004DCD3 /* ThmanyahTestAppUITests.xctest */,
			);
			name = Products;
			sourceTree = "<group>";
		};
/* End PBXGroup section */

/* Begin PBXNativeTarget section */
		B76B3A6B2F5EDD6C0004DCD3 /* ThmanyahTestApp */ = {
			isa = PBXNativeTarget;
			buildConfigurationList = B76B3A8D2F5EDD6F0004DCD3 /* Build configuration list for PBXNativeTarget "ThmanyahTestApp" */;
			buildPhases = (
				B76B3A682F5EDD6C0004DCD3 /* Sources */,
				B76B3A692F5EDD6C0004DCD3 /* Frameworks */,
				B76B3A6A2F5EDD6C0004DCD3 /* Resources */,
			);
			buildRules = (
			);
			dependencies = (
			);
			fileSystemSynchronizedGroups = (
				B76B3A6E2F5EDD6C0004DCD3 /* ThmanyahTestApp */,
			);
			name = ThmanyahTestApp;
			packageProductDependencies = (
			);
			productName = ThmanyahTestApp;
			productReference = B76B3A6C2F5EDD6C0004DCD3 /* ThmanyahTestApp.app */;
			productType = "com.apple.product-type.application";
		};
		B76B3A782F5EDD6F0004DCD3 /* ThmanyahTestAppTests */ = {
			isa = PBXNativeTarget;
			buildConfigurationList = B76B3A902F5EDD6F0004DCD3 /* Build configuration list for PBXNativeTarget "ThmanyahTestAppTests" */;
			buildPhases = (
				B76B3A752F5EDD6F0004DCD3 /* Sources */,
				B76B3A762F5EDD6F0004DCD3 /* Frameworks */,
				B76B3A772F5EDD6F0004DCD3 /* Resources */,
			);
			buildRules = (
			);
			dependencies = (
				B76B3A7B2F5EDD6F0004DCD3 /* PBXTargetDependency */,
			);
			fileSystemSynchronizedGroups = (
				B76B3A7C2F5EDD6F0004DCD3 /* ThmanyahTestAppTests */,
			);
			name = ThmanyahTestAppTests;
			packageProductDependencies = (
			);
			productName = ThmanyahTestAppTests;
			productReference = B76B3A792F5EDD6F0004DCD3 /* ThmanyahTestAppTests.xctest */;
			productType = "com.apple.product-type.bundle.unit-test";
		};
		B76B3A822F5EDD6F0004DCD3 /* ThmanyahTestAppUITests */ = {
			isa = PBXNativeTarget;
			buildConfigurationList = B76B3A932F5EDD6F0004DCD3 /* Build configuration list for PBXNativeTarget "ThmanyahTestAppUITests" */;
			buildPhases = (
				B76B3A7F2F5EDD6F0004DCD3 /* Sources */,
				B76B3A802F5EDD6F0004DCD3 /* Frameworks */,
				B76B3A812F5EDD6F0004DCD3 /* Resources */,
			);
			buildRules = (
			);
			dependencies = (
				B76B3A852F5EDD6F0004DCD3 /* PBXTargetDependency */,
			);
			fileSystemSynchronizedGroups = (
				B76B3A862F5EDD6F0004DCD3 /* ThmanyahTestAppUITests */,
			);
			name = ThmanyahTestAppUITests;
			packageProductDependencies = (
			);
			productName = ThmanyahTestAppUITests;
			productReference = B76B3A832F5EDD6F0004DCD3 /* ThmanyahTestAppUITests.xctest */;
			productType = "com.apple.product-type.bundle.ui-testing";
		};
/* End PBXNativeTarget section */

/* Begin PBXProject section */
		B76B3A642F5EDD6C0004DCD3 /* Project object */ = {
			isa = PBXProject;
			attributes = {
				BuildIndependentTargetsInParallel = 1;
				LastSwiftUpdateCheck = 2600;
				LastUpgradeCheck = 2600;
				TargetAttributes = {
					B76B3A6B2F5EDD6C0004DCD3 = {
						CreatedOnToolsVersion = 26.0.1;
					};
					B76B3A782F5EDD6F0004DCD3 = {
						CreatedOnToolsVersion = 26.0.1;
						TestTargetID = B76B3A6B2F5EDD6C0004DCD3;
					};
					B76B3A822F5EDD6F0004DCD3 = {
						CreatedOnToolsVersion = 26.0.1;
						TestTargetID = B76B3A6B2F5EDD6C0004DCD3;
					};
				};
			};
			buildConfigurationList = B76B3A672F5EDD6C0004DCD3 /* Build configuration list for PBXProject "ThmanyahTestApp" */;
			developmentRegion = en;
			hasScannedForEncodings = 0;
			knownRegions = (
				en,
				Base,
			);
			mainGroup = B76B3A632F5EDD6C0004DCD3;
			minimizedProjectReferenceProxies = 1;
			preferredProjectObjectVersion = 77;
			productRefGroup = B76B3A6D2F5EDD6C0004DCD3 /* Products */;
			projectDirPath = "";
			projectRoot = "";
			targets = (
				B76B3A6B2F5EDD6C0004DCD3 /* ThmanyahTestApp */,
				B76B3A782F5EDD6F0004DCD3 /* ThmanyahTestAppTests */,
				B76B3A822F5EDD6F0004DCD3 /* ThmanyahTestAppUITests */,
			);
		};
/* End PBXProject section */

/* Begin PBXResourcesBuildPhase section */
		B76B3A6A2F5EDD6C0004DCD3 /* Resources */ = {
			isa = PBXResourcesBuildPhase;
			buildActionMask = 2147483647;
			files = (
			);
			runOnlyForDeploymentPostprocessing = 0;
		};
		B76B3A772F5EDD6F0004DCD3 /* Resources */ = {
			isa = PBXResourcesBuildPhase;
			buildActionMask = 2147483647;
			files = (
			);
			runOnlyForDeploymentPostprocessing = 0;
		};
		B76B3A812F5EDD6F0004DCD3 /* Resources */ = {
			isa = PBXResourcesBuildPhase;
			buildActionMask = 2147483647;
			files = (
			);
			runOnlyForDeploymentPostprocessing = 0;
		};
/* End PBXResourcesBuildPhase section */

/* Begin PBXSourcesBuildPhase section */
		B76B3A682F5EDD6C0004DCD3 /* Sources */ = {
			isa = PBXSourcesBuildPhase;
			buildActionMask = 2147483647;
			files = (
			);
			runOnlyForDeploymentPostprocessing = 0;
		};
		B76B3A752F5EDD6F0004DCD3 /* Sources */ = {
			isa = PBXSourcesBuildPhase;
			buildActionMask = 2147483647;
			files = (
			);
			runOnlyForDeploymentPostprocessing = 0;
		};
		B76B3A7F2F5EDD6F0004DCD3 /* Sources */ = {
			isa = PBXSourcesBuildPhase;
			buildActionMask = 2147483647;
			files = (
			);
			runOnlyForDeploymentPostprocessing = 0;
		};
/* End PBXSourcesBuildPhase section */

/* Begin PBXTargetDependency section */
		B76B3A7B2F5EDD6F0004DCD3 /* PBXTargetDependency */ = {
			isa = PBXTargetDependency;
			target = B76B3A6B2F5EDD6C0004DCD3 /* ThmanyahTestApp */;
			targetProxy = B76B3A7A2F5EDD6F0004DCD3 /* PBXContainerItemProxy */;
		};
		B76B3A852F5EDD6F0004DCD3 /* PBXTargetDependency */ = {
			isa = PBXTargetDependency;
			target = B76B3A6B2F5EDD6C0004DCD3 /* ThmanyahTestApp */;
			targetProxy = B76B3A842F5EDD6F0004DCD3 /* PBXContainerItemProxy */;
		};
/* End PBXTargetDependency section */

/* Begin XCBuildConfiguration section */
		B76B3A8B2F5EDD6F0004DCD3 /* Debug */ = {
			isa = XCBuildConfiguration;
			buildSettings = {
				ALWAYS_SEARCH_USER_PATHS = NO;
				ASSETCATALOG_COMPILER_GENERATE_SWIFT_ASSET_SYMBOL_EXTENSIONS = YES;
				CLANG_ANALYZER_NONNULL = YES;
				CLANG_ANALYZER_NUMBER_OBJECT_CONVERSION = YES_AGGRESSIVE;
				CLANG_CXX_LANGUAGE_STANDARD = "gnu++20";
				CLANG_ENABLE_MODULES = YES;
				CLANG_ENABLE_OBJC_ARC = YES;
				CLANG_ENABLE_OBJC_WEAK = YES;
				CLANG_WARN_BLOCK_CAPTURE_AUTORELEASING = YES;
				CLANG_WARN_BOOL_CONVERSION = YES;
				CLANG_WARN_COMMA = YES;
				CLANG_WARN_CONSTANT_CONVERSION = YES;
				CLANG_WARN_DEPRECATED_OBJC_IMPLEMENTATIONS = YES;
				CLANG_WARN_DIRECT_OBJC_ISA_USAGE = YES_ERROR;
				CLANG_WARN_DOCUMENTATION_COMMENTS = YES;
				CLANG_WARN_EMPTY_BODY = YES;
				CLANG_WARN_ENUM_CONVERSION = YES;
				CLANG_WARN_INFINITE_RECURSION = YES;
				CLANG_WARN_INT_CONVERSION = YES;
				CLANG_WARN_NON_LITERAL_NULL_CONVERSION = YES;
				CLANG_WARN_OBJC_IMPLICIT_RETAIN_SELF = YES;
				CLANG_WARN_OBJC_LITERAL_CONVERSION = YES;
				CLANG_WARN_OBJC_ROOT_CLASS = YES_ERROR;
				CLANG_WARN_QUOTED_INCLUDE_IN_FRAMEWORK_HEADER = YES;
				CLANG_WARN_RANGE_LOOP_ANALYSIS = YES;
				CLANG_WARN_STRICT_PROTOTYPES = YES;
				CLANG_WARN_SUSPICIOUS_MOVE = YES;
				CLANG_WARN_UNGUARDED_AVAILABILITY = YES_AGGRESSIVE;
				CLANG_WARN_UNREACHABLE_CODE = YES;
				CLANG_WARN__DUPLICATE_METHOD_MATCH = YES;
				COPY_PHASE_STRIP = NO;
				DEBUG_INFORMATION_FORMAT = dwarf;
				DEVELOPMENT_TEAM = NXYMWDBP2R;
				ENABLE_STRICT_OBJC_MSGSEND = YES;
				ENABLE_TESTABILITY = YES;
				ENABLE_USER_SCRIPT_SANDBOXING = YES;
				GCC_C_LANGUAGE_STANDARD = gnu17;
				GCC_DYNAMIC_NO_PIC = NO;
				GCC_NO_COMMON_BLOCKS = YES;
				GCC_OPTIMIZATION_LEVEL = 0;
				GCC_PREPROCESSOR_DEFINITIONS = (
					"DEBUG=1",
					"$(inherited)",
				);
				GCC_WARN_64_TO_32_BIT_CONVERSION = YES;
				GCC_WARN_ABOUT_RETURN_TYPE = YES_ERROR;
				GCC_WARN_UNDECLARED_SELECTOR = YES;
				GCC_WARN_UNINITIALIZED_AUTOS = YES_AGGRESSIVE;
				GCC_WARN_UNUSED_FUNCTION = YES;
				GCC_WARN_UNUSED_VARIABLE = YES;
				IPHONEOS_DEPLOYMENT_TARGET = 26.0;
				LOCALIZATION_PREFERS_STRING_CATALOGS = YES;
				MTL_ENABLE_DEBUG_INFO = INCLUDE_SOURCE;
				MTL_FAST_MATH = YES;
				ONLY_ACTIVE_ARCH = YES;
				SDKROOT = iphoneos;
				SWIFT_ACTIVE_COMPILATION_CONDITIONS = "DEBUG $(inherited)";
				SWIFT_OPTIMIZATION_LEVEL = "-Onone";
			};
			name = Debug;
		};
		B76B3A8C2F5EDD6F0004DCD3 /* Release */ = {
			isa = XCBuildConfiguration;
			buildSettings = {
				ALWAYS_SEARCH_USER_PATHS = NO;
				ASSETCATALOG_COMPILER_GENERATE_SWIFT_ASSET_SYMBOL_EXTENSIONS = YES;
				CLANG_ANALYZER_NONNULL = YES;
				CLANG_ANALYZER_NUMBER_OBJECT_CONVERSION = YES_AGGRESSIVE;
				CLANG_CXX_LANGUAGE_STANDARD = "gnu++20";
				CLANG_ENABLE_MODULES = YES;
				CLANG_ENABLE_OBJC_ARC = YES;
				CLANG_ENABLE_OBJC_WEAK = YES;
				CLANG_WARN_BLOCK_CAPTURE_AUTORELEASING = YES;
				CLANG_WARN_BOOL_CONVERSION = YES;
				CLANG_WARN_COMMA = YES;
				CLANG_WARN_CONSTANT_CONVERSION = YES;
				CLANG_WARN_DEPRECATED_OBJC_IMPLEMENTATIONS = YES;
				CLANG_WARN_DIRECT_OBJC_ISA_USAGE = YES_ERROR;
				CLANG_WARN_DOCUMENTATION_COMMENTS = YES;
				CLANG_WARN_EMPTY_BODY = YES;
				CLANG_WARN_ENUM_CONVERSION = YES;
				CLANG_WARN_INFINITE_RECURSION = YES;
				CLANG_WARN_INT_CONVERSION = YES;
				CLANG_WARN_NON_LITERAL_NULL_CONVERSION = YES;
				CLANG_WARN_OBJC_IMPLICIT_RETAIN_SELF = YES;
				CLANG_WARN_OBJC_LITERAL_CONVERSION = YES;
				CLANG_WARN_OBJC_ROOT_CLASS = YES_ERROR;
				CLANG_WARN_QUOTED_INCLUDE_IN_FRAMEWORK_HEADER = YES;
				CLANG_WARN_RANGE_LOOP_ANALYSIS = YES;
				CLANG_WARN_STRICT_PROTOTYPES = YES;
				CLANG_WARN_SUSPICIOUS_MOVE = YES;
				CLANG_WARN_UNGUARDED_AVAILABILITY = YES_AGGRESSIVE;
				CLANG_WARN_UNREACHABLE_CODE = YES;
				CLANG_WARN__DUPLICATE_METHOD_MATCH = YES;
				COPY_PHASE_STRIP = NO;
				DEBUG_INFORMATION_FORMAT = "dwarf-with-dsym";
				DEVELOPMENT_TEAM = NXYMWDBP2R;
				ENABLE_NS_ASSERTIONS = NO;
				ENABLE_STRICT_OBJC_MSGSEND = YES;
				ENABLE_USER_SCRIPT_SANDBOXING = YES;
				GCC_C_LANGUAGE_STANDARD = gnu17;
				GCC_NO_COMMON_BLOCKS = YES;
				GCC_WARN_64_TO_32_BIT_CONVERSION = YES;
				GCC_WARN_ABOUT_RETURN_TYPE = YES_ERROR;
				GCC_WARN_UNDECLARED_SELECTOR = YES;
				GCC_WARN_UNINITIALIZED_AUTOS = YES_AGGRESSIVE;
				GCC_WARN_UNUSED_FUNCTION = YES;
				GCC_WARN_UNUSED_VARIABLE = YES;
				IPHONEOS_DEPLOYMENT_TARGET = 26.0;
				LOCALIZATION_PREFERS_STRING_CATALOGS = YES;
				MTL_ENABLE_DEBUG_INFO = NO;
				MTL_FAST_MATH = YES;
				SDKROOT = iphoneos;
				SWIFT_COMPILATION_MODE = wholemodule;
				VALIDATE_PRODUCT = YES;
			};
			name = Release;
		};
		B76B3A8E2F5EDD6F0004DCD3 /* Debug */ = {
			isa = XCBuildConfiguration;
			buildSettings = {
				ASSETCATALOG_COMPILER_APPICON_NAME = AppIcon;
				ASSETCATALOG_COMPILER_GLOBAL_ACCENT_COLOR_NAME = AccentColor;
				CODE_SIGN_STYLE = Automatic;
				CURRENT_PROJECT_VERSION = 1;
				DEVELOPMENT_TEAM = NXYMWDBP2R;
				ENABLE_PREVIEWS = YES;
				GENERATE_INFOPLIST_FILE = YES;
				INFOPLIST_FILE = ThmanyahTestApp/Info.plist;
				INFOPLIST_KEY_CFBundleDisplayName = ThamanyahApp;
				INFOPLIST_KEY_LSApplicationCategoryType = "public.app-category.entertainment";
				INFOPLIST_KEY_UIApplicationSceneManifest_Generation = YES;
				INFOPLIST_KEY_UIApplicationSupportsIndirectInputEvents = YES;
				INFOPLIST_KEY_UILaunchScreen_Generation = YES;
				INFOPLIST_KEY_UISupportedInterfaceOrientations = UIInterfaceOrientationPortrait;
				IPHONEOS_DEPLOYMENT_TARGET = 17.6;
				LD_RUNPATH_SEARCH_PATHS = (
					"$(inherited)",
					"@executable_path/Frameworks",
				);
				MARKETING_VERSION = 1.0;
				PRODUCT_BUNDLE_IDENTIFIER = com.noureddineios.ThmanyahTestApp;
				PRODUCT_NAME = "$(TARGET_NAME)";
				STRING_CATALOG_GENERATE_SYMBOLS = YES;
				SUPPORTED_PLATFORMS = "iphoneos iphonesimulator";
				SUPPORTS_MACCATALYST = NO;
				SUPPORTS_MAC_DESIGNED_FOR_IPHONE_IPAD = NO;
				SUPPORTS_XR_DESIGNED_FOR_IPHONE_IPAD = NO;
				SWIFT_APPROACHABLE_CONCURRENCY = YES;
				SWIFT_DEFAULT_ACTOR_ISOLATION = MainActor;
				SWIFT_EMIT_LOC_STRINGS = YES;
				SWIFT_STRICT_CONCURRENCY = complete;
				SWIFT_UPCOMING_FEATURE_MEMBER_IMPORT_VISIBILITY = YES;
				SWIFT_VERSION = 5.0;
				TARGETED_DEVICE_FAMILY = "1,2";
			};
			name = Debug;
		};
		B76B3A8F2F5EDD6F0004DCD3 /* Release */ = {
			isa = XCBuildConfiguration;
			buildSettings = {
				ASSETCATALOG_COMPILER_APPICON_NAME = AppIcon;
				ASSETCATALOG_COMPILER_GLOBAL_ACCENT_COLOR_NAME = AccentColor;
				CODE_SIGN_STYLE = Automatic;
				CURRENT_PROJECT_VERSION = 1;
				DEVELOPMENT_TEAM = NXYMWDBP2R;
				ENABLE_PREVIEWS = YES;
				GENERATE_INFOPLIST_FILE = YES;
				INFOPLIST_FILE = ThmanyahTestApp/Info.plist;
				INFOPLIST_KEY_CFBundleDisplayName = ThamanyahApp;
				INFOPLIST_KEY_LSApplicationCategoryType = "public.app-category.entertainment";
				INFOPLIST_KEY_UIApplicationSceneManifest_Generation = YES;
				INFOPLIST_KEY_UIApplicationSupportsIndirectInputEvents = YES;
				INFOPLIST_KEY_UILaunchScreen_Generation = YES;
				INFOPLIST_KEY_UISupportedInterfaceOrientations = UIInterfaceOrientationPortrait;
				IPHONEOS_DEPLOYMENT_TARGET = 17.6;
				LD_RUNPATH_SEARCH_PATHS = (
					"$(inherited)",
					"@executable_path/Frameworks",
				);
				MARKETING_VERSION = 1.0;
				PRODUCT_BUNDLE_IDENTIFIER = com.noureddineios.ThmanyahTestApp;
				PRODUCT_NAME = "$(TARGET_NAME)";
				STRING_CATALOG_GENERATE_SYMBOLS = YES;
				SUPPORTED_PLATFORMS = "iphoneos iphonesimulator";
				SUPPORTS_MACCATALYST = NO;
				SUPPORTS_MAC_DESIGNED_FOR_IPHONE_IPAD = NO;
				SUPPORTS_XR_DESIGNED_FOR_IPHONE_IPAD = NO;
				SWIFT_APPROACHABLE_CONCURRENCY = YES;
				SWIFT_DEFAULT_ACTOR_ISOLATION = MainActor;
				SWIFT_EMIT_LOC_STRINGS = YES;
				SWIFT_STRICT_CONCURRENCY = complete;
				SWIFT_UPCOMING_FEATURE_MEMBER_IMPORT_VISIBILITY = YES;
				SWIFT_VERSION = 5.0;
				TARGETED_DEVICE_FAMILY = "1,2";
			};
			name = Release;
		};
		B76B3A912F5EDD6F0004DCD3 /* Debug */ = {
			isa = XCBuildConfiguration;
			buildSettings = {
				BUNDLE_LOADER = "$(TEST_HOST)";
				CODE_SIGN_STYLE = Automatic;
				CURRENT_PROJECT_VERSION = 1;
				DEVELOPMENT_TEAM = NXYMWDBP2R;
				GENERATE_INFOPLIST_FILE = YES;
				IPHONEOS_DEPLOYMENT_TARGET = 26.0;
				MARKETING_VERSION = 1.0;
				PRODUCT_BUNDLE_IDENTIFIER = com.noureddineios.ThmanyahTestAppTests;
				PRODUCT_NAME = "$(TARGET_NAME)";
				STRING_CATALOG_GENERATE_SYMBOLS = NO;
				SWIFT_APPROACHABLE_CONCURRENCY = YES;
				SWIFT_EMIT_LOC_STRINGS = NO;
				SWIFT_UPCOMING_FEATURE_MEMBER_IMPORT_VISIBILITY = YES;
				SWIFT_VERSION = 5.0;
				TARGETED_DEVICE_FAMILY = "1,2";
				TEST_HOST = "$(BUILT_PRODUCTS_DIR)/ThmanyahTestApp.app/$(BUNDLE_EXECUTABLE_FOLDER_PATH)/ThmanyahTestApp";
			};
			name = Debug;
		};
		B76B3A922F5EDD6F0004DCD3 /* Release */ = {
			isa = XCBuildConfiguration;
			buildSettings = {
				BUNDLE_LOADER = "$(TEST_HOST)";
				CODE_SIGN_STYLE = Automatic;
				CURRENT_PROJECT_VERSION = 1;
				DEVELOPMENT_TEAM = NXYMWDBP2R;
				GENERATE_INFOPLIST_FILE = YES;
				IPHONEOS_DEPLOYMENT_TARGET = 26.0;
				MARKETING_VERSION = 1.0;
				PRODUCT_BUNDLE_IDENTIFIER = com.noureddineios.ThmanyahTestAppTests;
				PRODUCT_NAME = "$(TARGET_NAME)";
				STRING_CATALOG_GENERATE_SYMBOLS = NO;
				SWIFT_APPROACHABLE_CONCURRENCY = YES;
				SWIFT_EMIT_LOC_STRINGS = NO;
				SWIFT_UPCOMING_FEATURE_MEMBER_IMPORT_VISIBILITY = YES;
				SWIFT_VERSION = 5.0;
				TARGETED_DEVICE_FAMILY = "1,2";
				TEST_HOST = "$(BUILT_PRODUCTS_DIR)/ThmanyahTestApp.app/$(BUNDLE_EXECUTABLE_FOLDER_PATH)/ThmanyahTestApp";
			};
			name = Release;
		};
		B76B3A942F5EDD6F0004DCD3 /* Debug */ = {
			isa = XCBuildConfiguration;
			buildSettings = {
				CODE_SIGN_STYLE = Automatic;
				CURRENT_PROJECT_VERSION = 1;
				DEVELOPMENT_TEAM = NXYMWDBP2R;
				GENERATE_INFOPLIST_FILE = YES;
				MARKETING_VERSION = 1.0;
				PRODUCT_BUNDLE_IDENTIFIER = com.noureddineios.ThmanyahTestAppUITests;
				PRODUCT_NAME = "$(TARGET_NAME)";
				STRING_CATALOG_GENERATE_SYMBOLS = NO;
				SWIFT_APPROACHABLE_CONCURRENCY = YES;
				SWIFT_EMIT_LOC_STRINGS = NO;
				SWIFT_UPCOMING_FEATURE_MEMBER_IMPORT_VISIBILITY = YES;
				SWIFT_VERSION = 5.0;
				TARGETED_DEVICE_FAMILY = "1,2";
				TEST_TARGET_NAME = ThmanyahTestApp;
			};
			name = Debug;
		};
		B76B3A952F5EDD6F0004DCD3 /* Release */ = {
			isa = XCBuildConfiguration;
			buildSettings = {
				CODE_SIGN_STYLE = Automatic;
				CURRENT_PROJECT_VERSION = 1;
				DEVELOPMENT_TEAM = NXYMWDBP2R;
				GENERATE_INFOPLIST_FILE = YES;
				MARKETING_VERSION = 1.0;
				PRODUCT_BUNDLE_IDENTIFIER = com.noureddineios.ThmanyahTestAppUITests;
				PRODUCT_NAME = "$(TARGET_NAME)";
				STRING_CATALOG_GENERATE_SYMBOLS = NO;
				SWIFT_APPROACHABLE_CONCURRENCY = YES;
				SWIFT_EMIT_LOC_STRINGS = NO;
				SWIFT_UPCOMING_FEATURE_MEMBER_IMPORT_VISIBILITY = YES;
				SWIFT_VERSION = 5.0;
				TARGETED_DEVICE_FAMILY = "1,2";
				TEST_TARGET_NAME = ThmanyahTestApp;
			};
			name = Release;
		};
/* End XCBuildConfiguration section */

/* Begin XCConfigurationList section */
		B76B3A672F5EDD6C0004DCD3 /* Build configuration list for PBXProject "ThmanyahTestApp" */ = {
			isa = XCConfigurationList;
			buildConfigurations = (
				B76B3A8B2F5EDD6F0004DCD3 /* Debug */,
				B76B3A8C2F5EDD6F0004DCD3 /* Release */,
			);
			defaultConfigurationIsVisible = 0;
			defaultConfigurationName = Release;
		};
		B76B3A8D2F5EDD6F0004DCD3 /* Build configuration list for PBXNativeTarget "ThmanyahTestApp" */ = {
			isa = XCConfigurationList;
			buildConfigurations = (
				B76B3A8E2F5EDD6F0004DCD3 /* Debug */,
				B76B3A8F2F5EDD6F0004DCD3 /* Release */,
			);
			defaultConfigurationIsVisible = 0;
			defaultConfigurationName = Release;
		};
		B76B3A902F5EDD6F0004DCD3 /* Build configuration list for PBXNativeTarget "ThmanyahTestAppTests" */ = {
			isa = XCConfigurationList;
			buildConfigurations = (
				B76B3A912F5EDD6F0004DCD3 /* Debug */,
				B76B3A922F5EDD6F0004DCD3 /* Release */,
			);
			defaultConfigurationIsVisible = 0;
			defaultConfigurationName = Release;
		};
		B76B3A932F5EDD6F0004DCD3 /* Build configuration list for PBXNativeTarget "ThmanyahTestAppUITests" */ = {
			isa = XCConfigurationList;
			buildConfigurations = (
				B76B3A942F5EDD6F0004DCD3 /* Debug */,
				B76B3A952F5EDD6F0004DCD3 /* Release */,
			);
			defaultConfigurationIsVisible = 0;
			defaultConfigurationName = Release;
		};
/* End XCConfigurationList section */
	};
	rootObject = B76B3A642F5EDD6C0004DCD3 /* Project object */;
}
